
Microsoft Visual Studio Solution File, Format Version 12.00
# Visual Studio Version 16
VisualStudioVersion = 16.0.31424.327
MinimumVisualStudioVersion = 10.0.40219.1
Project("{FAE04EC0-301F-11D3-BF4B-00C04F79EFBC}") = "ProjectNew", "ProjectNew\ProjectNew.csproj", "{F07F068B-3DFD-46FB-8DE7-AE8F4C098018}"
EndProject
Global
	GlobalSection(SolutionConfigurationPlatforms) = preSolution
		Debug|Any CPU = Debug|Any CPU
		Release|Any CPU = Release|Any CPU
	EndGlobalSection
	GlobalSection(ProjectConfigurationPlatforms) = postSolution
		{F07F068B-3DFD-46FB-8DE7-AE8F4C098018}.Debug|Any CPU.ActiveCfg = Debug|Any CPU
		{F07F068B-3DFD-46FB-8DE7-AE8F4C098018}.Debug|Any CPU.Build.0 = Debug|Any CPU
		{F07F068B-3DFD-46FB-8DE7-AE8F4C098018}.Release|Any CPU.ActiveCfg = Release|Any CPU
		{F07F068B-3DFD-46FB-8DE7-AE8F4C098018}.Release|Any CPU.Build.0 = Release|Any CPU
	EndGlobalSection
	GlobalSection(SolutionProperties) = preSolution
		HideSolutionNode = FALSE
	EndGlobalSection
	GlobalSection(ExtensibilityGlobals) = postSolution
		SolutionGuid = {B656D81D-4850-4361-ABAE-10E68290F16D}
	EndGlobalSection
EndGlobal
